
Microsoft Visual Studio Solution File, Format Version 12.00
# Visual Studio Version 16
VisualStudioVersion = 16.0.31005.135
MinimumVisualStudioVersion = 10.0.40219.1
Project("{2150E333-8FDC-42A3-9474-1A3956D46DE8}") = "Services", "Services", "{C4776E5E-109E-4871-AA48-097EF285AC5E}"
EndProject
Project("{2150E333-8FDC-42A3-9474-1A3956D46DE8}") = "Customer", "Customer", "{63AB534C-BDBC-474D-AB5A-FBE7F3A9F7BF}"
EndProject
Project("{2150E333-8FDC-42A3-9474-1A3956D46DE8}") = "Order", "Order", "{26FE6FB8-EFBD-4326-9A10-715A8D06860C}"
EndProject
Project("{9A19103F-16F7-4668-BE54-9A1E7A4F7556}") = "Order.API", "Order.API\Order.API.csproj", "{7706C8F5-6C2C-40E9-9B55-192CBE5D9689}"
EndProject
Project("{9A19103F-16F7-4668-BE54-9A1E7A4F7556}") = "Customer.API", "..\Customer.API\Customer.API.csproj", "{8E821DEB-863F-4136-BFBC-8EA2BEE8DB4A}"
EndProject
Project("{2150E333-8FDC-42A3-9474-1A3956D46DE8}") = "Library", "Library", "{A7A9D29F-2B0E-419F-8D9C-4AA54BDC9E11}"
EndProject
Project("{FAE04EC0-301F-11D3-BF4B-00C04F79EFBC}") = "CommonLibrary", "..\CommonLibrary\CommonLibrary.csproj", "{69B9FB47-65AE-4F7D-A377-60030F81770F}"
EndProject
Project("{FAE04EC0-301F-11D3-BF4B-00C04F79EFBC}") = "Order.Application", "..\Order.Application\Order.Application.csproj", "{EB9587DF-68D5-42E0-9C14-0D7C3B9752C8}"
EndProject
Project("{2150E333-8FDC-42A3-9474-1A3956D46DE8}") = "ApiGateways", "ApiGateways", "{F0808D4A-1924-48C8-81DB-43E25CB4738C}"
EndProject
Project("{FAE04EC0-301F-11D3-BF4B-00C04F79EFBC}") = "OcelotApiGw", "..\OcelotApiGw\OcelotApiGw.csproj", "{205200F6-7AB7-45D8-A398-933C8D6156FC}"
EndProject
Project("{FAE04EC0-301F-11D3-BF4B-00C04F79EFBC}") = "Customer.UnitTests", "..\Customer.UnitTests\Customer.UnitTests.csproj", "{05792881-7217-487C-A8C1-7A7A7EF7D270}"
EndProject
Project("{FAE04EC0-301F-11D3-BF4B-00C04F79EFBC}") = "Order.UnitTests", "..\Order.UnitTests\Order.UnitTests.csproj", "{44A8DDC1-08F2-4209-9166-AF96CB471E4F}"
EndProject
Global
	GlobalSection(SolutionConfigurationPlatforms) = preSolution
		Debug|Any CPU = Debug|Any CPU
		Release|Any CPU = Release|Any CPU
	EndGlobalSection
	GlobalSection(ProjectConfigurationPlatforms) = postSolution
		{7706C8F5-6C2C-40E9-9B55-192CBE5D9689}.Debug|Any CPU.ActiveCfg = Debug|Any CPU
		{7706C8F5-6C2C-40E9-9B55-192CBE5D9689}.Debug|Any CPU.Build.0 = Debug|Any CPU
		{7706C8F5-6C2C-40E9-9B55-192CBE5D9689}.Release|Any CPU.ActiveCfg = Release|Any CPU
		{7706C8F5-6C2C-40E9-9B55-192CBE5D9689}.Release|Any CPU.Build.0 = Release|Any CPU
		{8E821DEB-863F-4136-BFBC-8EA2BEE8DB4A}.Debug|Any CPU.ActiveCfg = Debug|Any CPU
		{8E821DEB-863F-4136-BFBC-8EA2BEE8DB4A}.Debug|Any CPU.Build.0 = Debug|Any CPU
		{8E821DEB-863F-4136-BFBC-8EA2BEE8DB4A}.Release|Any CPU.ActiveCfg = Release|Any CPU
		{8E821DEB-863F-4136-BFBC-8EA2BEE8DB4A}.Release|Any CPU.Build.0 = Release|Any CPU
		{69B9FB47-65AE-4F7D-A377-60030F81770F}.Debug|Any CPU.ActiveCfg = Debug|Any CPU
		{69B9FB47-65AE-4F7D-A377-60030F81770F}.Debug|Any CPU.Build.0 = Debug|Any CPU
		{69B9FB47-65AE-4F7D-A377-60030F81770F}.Release|Any CPU.ActiveCfg = Release|Any CPU
		{69B9FB47-65AE-4F7D-A377-60030F81770F}.Release|Any CPU.Build.0 = Release|Any CPU
		{EB9587DF-68D5-42E0-9C14-0D7C3B9752C8}.Debug|Any CPU.ActiveCfg = Debug|Any CPU
		{EB9587DF-68D5-42E0-9C14-0D7C3B9752C8}.Debug|Any CPU.Build.0 = Debug|Any CPU
		{EB9587DF-68D5-42E0-9C14-0D7C3B9752C8}.Release|Any CPU.ActiveCfg = Release|Any CPU
		{EB9587DF-68D5-42E0-9C14-0D7C3B9752C8}.Release|Any CPU.Build.0 = Release|Any CPU
		{205200F6-7AB7-45D8-A398-933C8D6156FC}.Debug|Any CPU.ActiveCfg = Debug|Any CPU
		{205200F6-7AB7-45D8-A398-933C8D6156FC}.Debug|Any CPU.Build.0 = Debug|Any CPU
		{205200F6-7AB7-45D8-A398-933C8D6156FC}.Release|Any CPU.ActiveCfg = Release|Any CPU
		{205200F6-7AB7-45D8-A398-933C8D6156FC}.Release|Any CPU.Build.0 = Release|Any CPU
		{05792881-7217-487C-A8C1-7A7A7EF7D270}.Debug|Any CPU.ActiveCfg = Debug|Any CPU
		{05792881-7217-487C-A8C1-7A7A7EF7D270}.Debug|Any CPU.Build.0 = Debug|Any CPU
		{05792881-7217-487C-A8C1-7A7A7EF7D270}.Release|Any CPU.ActiveCfg = Release|Any CPU
		{05792881-7217-487C-A8C1-7A7A7EF7D270}.Release|Any CPU.Build.0 = Release|Any CPU
		{44A8DDC1-08F2-4209-9166-AF96CB471E4F}.Debug|Any CPU.ActiveCfg = Debug|Any CPU
		{44A8DDC1-08F2-4209-9166-AF96CB471E4F}.Debug|Any CPU.Build.0 = Debug|Any CPU
		{44A8DDC1-08F2-4209-9166-AF96CB471E4F}.Release|Any CPU.ActiveCfg = Release|Any CPU
		{44A8DDC1-08F2-4209-9166-AF96CB471E4F}.Release|Any CPU.Build.0 = Release|Any CPU
	EndGlobalSection
	GlobalSection(SolutionProperties) = preSolution
		HideSolutionNode = FALSE
	EndGlobalSection
	GlobalSection(NestedProjects) = preSolution
		{63AB534C-BDBC-474D-AB5A-FBE7F3A9F7BF} = {C4776E5E-109E-4871-AA48-097EF285AC5E}
		{26FE6FB8-EFBD-4326-9A10-715A8D06860C} = {C4776E5E-109E-4871-AA48-097EF285AC5E}
		{7706C8F5-6C2C-40E9-9B55-192CBE5D9689} = {26FE6FB8-EFBD-4326-9A10-715A8D06860C}
		{8E821DEB-863F-4136-BFBC-8EA2BEE8DB4A} = {63AB534C-BDBC-474D-AB5A-FBE7F3A9F7BF}
		{A7A9D29F-2B0E-419F-8D9C-4AA54BDC9E11} = {C4776E5E-109E-4871-AA48-097EF285AC5E}
		{69B9FB47-65AE-4F7D-A377-60030F81770F} = {A7A9D29F-2B0E-419F-8D9C-4AA54BDC9E11}
		{EB9587DF-68D5-42E0-9C14-0D7C3B9752C8} = {26FE6FB8-EFBD-4326-9A10-715A8D06860C}
		{205200F6-7AB7-45D8-A398-933C8D6156FC} = {F0808D4A-1924-48C8-81DB-43E25CB4738C}
		{05792881-7217-487C-A8C1-7A7A7EF7D270} = {63AB534C-BDBC-474D-AB5A-FBE7F3A9F7BF}
		{44A8DDC1-08F2-4209-9166-AF96CB471E4F} = {26FE6FB8-EFBD-4326-9A10-715A8D06860C}
	EndGlobalSection
	GlobalSection(ExtensibilityGlobals) = postSolution
		SolutionGuid = {0D42A404-7F4F-46F2-B962-DA8E4DDD8000}
	EndGlobalSection
EndGlobal
